// !$*UTF8*$!
{
	archiveVersion = 1;
	classes = {
	};
	objectVersion = 50;
	objects = {

/* Begin PBXBuildFile section */
		14C3B75224B346CF004B6959 /* AppDelegate.swift in Sources */ = {isa = PBXBuildFile; fileRef = 14C3B75124B346CF004B6959 /* AppDelegate.swift */; };
		14C3B75424B346CF004B6959 /* SceneDelegate.swift in Sources */ = {isa = PBXBuildFile; fileRef = 14C3B75324B346CF004B6959 /* SceneDelegate.swift */; };
		14C3B75624B346CF004B6959 /* ViewController.swift in Sources */ = {isa = PBXBuildFile; fileRef = 14C3B75524B346CF004B6959 /* ViewController.swift */; };
		14C3B75924B346CF004B6959 /* Main.storyboard in Resources */ = {isa = PBXBuildFile; fileRef = 14C3B75724B346CF004B6959 /* Main.storyboard */; };
		14C3B75B24B346D5004B6959 /* Assets.xcassets in Resources */ = {isa = PBXBuildFile; fileRef = 14C3B75A24B346D5004B6959 /* Assets.xcassets */; };
		14C3B75E24B346D5004B6959 /* LaunchScreen.storyboard in Resources */ = {isa = PBXBuildFile; fileRef = 14C3B75C24B346D5004B6959 /* LaunchScreen.storyboard */; };
		2446BFEC72AD49DF309167E7 /* Pods_TestTaskCurrencies.framework in Frameworks */ = {isa = PBXBuildFile; fileRef = A2FBCDF726402B70F4E78979 /* Pods_TestTaskCurrencies.framework */; };
/* End PBXBuildFile section */

/* Begin PBXFileReference section */
		14C3B74E24B346CF004B6959 /* TestTaskCurrencies.app */ = {isa = PBXFileReference; explicitFileType = wrapper.application; includeInIndex = 0; path = TestTaskCurrencies.app; sourceTree = BUILT_PRODUCTS_DIR; };
		14C3B75124B346CF004B6959 /* AppDelegate.swift */ = {isa = PBXFileReference; lastKnownFileType = sourcecode.swift; path = AppDelegate.swift; sourceTree = "<group>"; };
		14C3B75324B346CF004B6959 /* SceneDelegate.swift */ = {isa = PBXFileReference; lastKnownFileType = sourcecode.swift; path = SceneDelegate.swift; sourceTree = "<group>"; };
		14C3B75524B346CF004B6959 /* ViewController.swift */ = {isa = PBXFileReference; lastKnownFileType = sourcecode.swift; path = ViewController.swift; sourceTree = "<group>"; };
		14C3B75824B346CF004B6959 /* Base */ = {isa = PBXFileReference; lastKnownFileType = file.storyboard; name = Base; path = Base.lproj/Main.storyboard; sourceTree = "<group>"; };
		14C3B75A24B346D5004B6959 /* Assets.xcassets */ = {isa = PBXFileReference; lastKnownFileType = folder.assetcatalog; path = Assets.xcassets; sourceTree = "<group>"; };
		14C3B75D24B346D5004B6959 /* Base */ = {isa = PBXFileReference; lastKnownFileType = file.storyboard; name = Base; path = Base.lproj/LaunchScreen.storyboard; sourceTree = "<group>"; };
		14C3B75F24B346D5004B6959 /* Info.plist */ = {isa = PBXFileReference; lastKnownFileType = text.plist.xml; path = Info.plist; sourceTree = "<group>"; };
		16FA72724878E5E0E6EAA2CF /* Pods-TestTaskCurrencies.release.xcconfig */ = {isa = PBXFileReference; includeInIndex = 1; lastKnownFileType = text.xcconfig; name = "Pods-TestTaskCurrencies.release.xcconfig"; path = "Target Support Files/Pods-TestTaskCurrencies/Pods-TestTaskCurrencies.release.xcconfig"; sourceTree = "<group>"; };
		A2FBCDF726402B70F4E78979 /* Pods_TestTaskCurrencies.framework */ = {isa = PBXFileReference; explicitFileType = wrapper.framework; includeInIndex = 0; path = Pods_TestTaskCurrencies.framework; sourceTree = BUILT_PRODUCTS_DIR; };
		C83A337D511A162578EF9C7C /* Pods-TestTaskCurrencies.debug.xcconfig */ = {isa = PBXFileReference; includeInIndex = 1; lastKnownFileType = text.xcconfig; name = "Pods-TestTaskCurrencies.debug.xcconfig"; path = "Target Support Files/Pods-TestTaskCurrencies/Pods-TestTaskCurrencies.debug.xcconfig"; sourceTree = "<group>"; };
/* End PBXFileReference section */

/* Begin PBXFrameworksBuildPhase section */
		14C3B74B24B346CF004B6959 /* Frameworks */ = {
			isa = PBXFrameworksBuildPhase;
			buildActionMask = 2147483647;
			files = (
				2446BFEC72AD49DF309167E7 /* Pods_TestTaskCurrencies.framework in Frameworks */,
			);
			runOnlyForDeploymentPostprocessing = 0;
		};
/* End PBXFrameworksBuildPhase section */

/* Begin PBXGroup section */
		14C3B74524B346CF004B6959 = {
			isa = PBXGroup;
			children = (
				14C3B75024B346CF004B6959 /* TestTaskCurrencies */,
				14C3B74F24B346CF004B6959 /* Products */,
				A8A165986A6838448FD855F0 /* Pods */,
				86DD3850503D9DB129F9DCDE /* Frameworks */,
			);
			sourceTree = "<group>";
		};
		14C3B74F24B346CF004B6959 /* Products */ = {
			isa = PBXGroup;
			children = (
				14C3B74E24B346CF004B6959 /* TestTaskCurrencies.app */,
			);
			name = Products;
			sourceTree = "<group>";
		};
		14C3B75024B346CF004B6959 /* TestTaskCurrencies */ = {
			isa = PBXGroup;
			children = (
				14C3B75124B346CF004B6959 /* AppDelegate.swift */,
				14C3B75324B346CF004B6959 /* SceneDelegate.swift */,
				14C3B75524B346CF004B6959 /* ViewController.swift */,
				14C3B75724B346CF004B6959 /* Main.storyboard */,
				14C3B75A24B346D5004B6959 /* Assets.xcassets */,
				14C3B75C24B346D5004B6959 /* LaunchScreen.storyboard */,
				14C3B75F24B346D5004B6959 /* Info.plist */,
			);
			path = TestTaskCurrencies;
			sourceTree = "<group>";
		};
		86DD3850503D9DB129F9DCDE /* Frameworks */ = {
			isa = PBXGroup;
			children = (
				A2FBCDF726402B70F4E78979 /* Pods_TestTaskCurrencies.framework */,
			);
			name = Frameworks;
			sourceTree = "<group>";
		};
		A8A165986A6838448FD855F0 /* Pods */ = {
			isa = PBXGroup;
			children = (
				C83A337D511A162578EF9C7C /* Pods-TestTaskCurrencies.debug.xcconfig */,
				16FA72724878E5E0E6EAA2CF /* Pods-TestTaskCurrencies.release.xcconfig */,
			);
			name = Pods;
			path = Pods;
			sourceTree = "<group>";
		};
/* End PBXGroup section */

/* Begin PBXNativeTarget section */
		14C3B74D24B346CF004B6959 /* TestTaskCurrencies */ = {
			isa = PBXNativeTarget;
			buildConfigurationList = 14C3B76224B346D5004B6959 /* Build configuration list for PBXNativeTarget "TestTaskCurrencies" */;
			buildPhases = (
				8E03AD75B0E389B9B45C83F3 /* [CP] Check Pods Manifest.lock */,
				14C3B74A24B346CF004B6959 /* Sources */,
				14C3B74B24B346CF004B6959 /* Frameworks */,
				14C3B74C24B346CF004B6959 /* Resources */,
			);
			buildRules = (
			);
			dependencies = (
			);
			name = TestTaskCurrencies;
			productName = TestTaskCurrencies;
			productReference = 14C3B74E24B346CF004B6959 /* TestTaskCurrencies.app */;
			productType = "com.apple.product-type.application";
		};
/* End PBXNativeTarget section */

/* Begin PBXProject section */
		14C3B74624B346CF004B6959 /* Project object */ = {
			isa = PBXProject;
			attributes = {
				LastSwiftUpdateCheck = 1150;
				LastUpgradeCheck = 1150;
				ORGANIZATIONNAME = Dev;
				TargetAttributes = {
					14C3B74D24B346CF004B6959 = {
						CreatedOnToolsVersion = 11.5;
					};
				};
			};
			buildConfigurationList = 14C3B74924B346CF004B6959 /* Build configuration list for PBXProject "TestTaskCurrencies" */;
			compatibilityVersion = "Xcode 9.3";
			developmentRegion = en;
			hasScannedForEncodings = 0;
			knownRegions = (
				en,
				Base,
			);
			mainGroup = 14C3B74524B346CF004B6959;
			productRefGroup = 14C3B74F24B346CF004B6959 /* Products */;
			projectDirPath = "";
			projectRoot = "";
			targets = (
				14C3B74D24B346CF004B6959 /* TestTaskCurrencies */,
			);
		};
/* End PBXProject section */

/* Begin PBXResourcesBuildPhase section */
		14C3B74C24B346CF004B6959 /* Resources */ = {
			isa = PBXResourcesBuildPhase;
			buildActionMask = 2147483647;
			files = (
				14C3B75E24B346D5004B6959 /* LaunchScreen.storyboard in Resources */,
				14C3B75B24B346D5004B6959 /* Assets.xcassets in Resources */,
				14C3B75924B346CF004B6959 /* Main.storyboard in Resources */,
			);
			runOnlyForDeploymentPostprocessing = 0;
		};
/* End PBXResourcesBuildPhase section */

/* Begin PBXShellScriptBuildPhase section */
		8E03AD75B0E389B9B45C83F3 /* [CP] Check Pods Manifest.lock */ = {
			isa = PBXShellScriptBuildPhase;
			buildActionMask = 2147483647;
			files = (
			);
			inputFileListPaths = (
			);
			inputPaths = (
				"${PODS_PODFILE_DIR_PATH}/Podfile.lock",
				"${PODS_ROOT}/Manifest.lock",
			);
			name = "[CP] Check Pods Manifest.lock";
			outputFileListPaths = (
			);
			outputPaths = (
				"$(DERIVED_FILE_DIR)/Pods-TestTaskCurrencies-checkManifestLockResult.txt",
			);
			runOnlyForDeploymentPostprocessing = 0;
			shellPath = /bin/sh;
			shellScript = "diff \"${PODS_PODFILE_DIR_PATH}/Podfile.lock\" \"${PODS_ROOT}/Manifest.lock\" > /dev/null\nif [ $? != 0 ] ; then\n    # print error to STDERR\n    echo \"error: The sandbox is not in sync with the Podfile.lock. Run 'pod install' or update your CocoaPods installation.\" >&2\n    exit 1\nfi\n# This output is used by Xcode 'outputs' to avoid re-running this script phase.\necho \"SUCCESS\" > \"${SCRIPT_OUTPUT_FILE_0}\"\n";
			showEnvVarsInLog = 0;
		};
/* End PBXShellScriptBuildPhase section */

/* Begin PBXSourcesBuildPhase section */
		14C3B74A24B346CF004B6959 /* Sources */ = {
			isa = PBXSourcesBuildPhase;
			buildActionMask = 2147483647;
			files = (
				14C3B75624B346CF004B6959 /* ViewController.swift in Sources */,
				14C3B75224B346CF004B6959 /* AppDelegate.swift in Sources */,
				14C3B75424B346CF004B6959 /* SceneDelegate.swift in Sources */,
			);
			runOnlyForDeploymentPostprocessing = 0;
		};
/* End PBXSourcesBuildPhase section */

/* Begin PBXVariantGroup section */
		14C3B75724B346CF004B6959 /* Main.storyboard */ = {
			isa = PBXVariantGroup;
			children = (
				14C3B75824B346CF004B6959 /* Base */,
			);
			name = Main.storyboard;
			sourceTree = "<group>";
		};
		14C3B75C24B346D5004B6959 /* LaunchScreen.storyboard */ = {
			isa = PBXVariantGroup;
			children = (
				14C3B75D24B346D5004B6959 /* Base */,
			);
			name = LaunchScreen.storyboard;
			sourceTree = "<group>";
		};
/* End PBXVariantGroup section */

/* Begin XCBuildConfiguration section */
		14C3B76024B346D5004B6959 /* Debug */ = {
			isa = XCBuildConfiguration;
			buildSettings = {
				ALWAYS_SEARCH_USER_PATHS = NO;
				CLANG_ANALYZER_NONNULL = YES;
				CLANG_ANALYZER_NUMBER_OBJECT_CONVERSION = YES_AGGRESSIVE;
				CLANG_CXX_LANGUAGE_STANDARD = "gnu++14";
				CLANG_CXX_LIBRARY = "libc++";
				CLANG_ENABLE_MODULES = YES;
				CLANG_ENABLE_OBJC_ARC = YES;
				CLANG_ENABLE_OBJC_WEAK = YES;
				CLANG_WARN_BLOCK_CAPTURE_AUTORELEASING = YES;
				CLANG_WARN_BOOL_CONVERSION = YES;
				CLANG_WARN_COMMA = YES;
				CLANG_WARN_CONSTANT_CONVERSION = YES;
				CLANG_WARN_DEPRECATED_OBJC_IMPLEMENTATIONS = YES;
				CLANG_WARN_DIRECT_OBJC_ISA_USAGE = YES_ERROR;
				CLANG_WARN_DOCUMENTATION_COMMENTS = YES;
				CLANG_WARN_EMPTY_BODY = YES;
				CLANG_WARN_ENUM_CONVERSION = YES;
				CLANG_WARN_INFINITE_RECURSION = YES;
				CLANG_WARN_INT_CONVERSION = YES;
				CLANG_WARN_NON_LITERAL_NULL_CONVERSION = YES;
				CLANG_WARN_OBJC_IMPLICIT_RETAIN_SELF = YES;
				CLANG_WARN_OBJC_LITERAL_CONVERSION = YES;
				CLANG_WARN_OBJC_ROOT_CLASS = YES_ERROR;
				CLANG_WARN_RANGE_LOOP_ANALYSIS = YES;
				CLANG_WARN_STRICT_PROTOTYPES = YES;
				CLANG_WARN_SUSPICIOUS_MOVE = YES;
				CLANG_WARN_UNGUARDED_AVAILABILITY = YES_AGGRESSIVE;
				CLANG_WARN_UNREACHABLE_CODE = YES;
				CLANG_WARN__DUPLICATE_METHOD_MATCH = YES;
				COPY_PHASE_STRIP = NO;
				DEBUG_INFORMATION_FORMAT = dwarf;
				ENABLE_STRICT_OBJC_MSGSEND = YES;
				ENABLE_TESTABILITY = YES;
				GCC_C_LANGUAGE_STANDARD = gnu11;
				GCC_DYNAMIC_NO_PIC = NO;
				GCC_NO_COMMON_BLOCKS = YES;
				GCC_OPTIMIZATION_LEVEL = 0;
				GCC_PREPROCESSOR_DEFINITIONS = (
					"DEBUG=1",
					"$(inherited)",
				);
				GCC_WARN_64_TO_32_BIT_CONVERSION = YES;
				GCC_WARN_ABOUT_RETURN_TYPE = YES_ERROR;
				GCC_WARN_UNDECLARED_SELECTOR = YES;
				GCC_WARN_UNINITIALIZED_AUTOS = YES_AGGRESSIVE;
				GCC_WARN_UNUSED_FUNCTION = YES;
				GCC_WARN_UNUSED_VARIABLE = YES;
				IPHONEOS_DEPLOYMENT_TARGET = 13.5;
				MTL_ENABLE_DEBUG_INFO = INCLUDE_SOURCE;
				MTL_FAST_MATH = YES;
				ONLY_ACTIVE_ARCH = YES;
				SDKROOT = iphoneos;
				SWIFT_ACTIVE_COMPILATION_CONDITIONS = DEBUG;
				SWIFT_OPTIMIZATION_LEVEL = "-Onone";
			};
			name = Debug;
		};
		14C3B76124B346D5004B6959 /* Release */ = {
			isa = XCBuildConfiguration;
			buildSettings = {
				ALWAYS_SEARCH_USER_PATHS = NO;
				CLANG_ANALYZER_NONNULL = YES;
				CLANG_ANALYZER_NUMBER_OBJECT_CONVERSION = YES_AGGRESSIVE;
				CLANG_CXX_LANGUAGE_STANDARD = "gnu++14";
				CLANG_CXX_LIBRARY = "libc++";
				CLANG_ENABLE_MODULES = YES;
				CLANG_ENABLE_OBJC_ARC = YES;
				CLANG_ENABLE_OBJC_WEAK = YES;
				CLANG_WARN_BLOCK_CAPTURE_AUTORELEASING = YES;
				CLANG_WARN_BOOL_CONVERSION = YES;
				CLANG_WARN_COMMA = YES;
				CLANG_WARN_CONSTANT_CONVERSION = YES;
				CLANG_WARN_DEPRECATED_OBJC_IMPLEMENTATIONS = YES;
				CLANG_WARN_DIRECT_OBJC_ISA_USAGE = YES_ERROR;
				CLANG_WARN_DOCUMENTATION_COMMENTS = YES;
				CLANG_WARN_EMPTY_BODY = YES;
				CLANG_WARN_ENUM_CONVERSION = YES;
				CLANG_WARN_INFINITE_RECURSION = YES;
				CLANG_WARN_INT_CONVERSION = YES;
				CLANG_WARN_NON_LITERAL_NULL_CONVERSION = YES;
				CLANG_WARN_OBJC_IMPLICIT_RETAIN_SELF = YES;
				CLANG_WARN_OBJC_LITERAL_CONVERSION = YES;
				CLANG_WARN_OBJC_ROOT_CLASS = YES_ERROR;
				CLANG_WARN_RANGE_LOOP_ANALYSIS = YES;
				CLANG_WARN_STRICT_PROTOTYPES = YES;
				CLANG_WARN_SUSPICIOUS_MOVE = YES;
				CLANG_WARN_UNGUARDED_AVAILABILITY = YES_AGGRESSIVE;
				CLANG_WARN_UNREACHABLE_CODE = YES;
				CLANG_WARN__DUPLICATE_METHOD_MATCH = YES;
				COPY_PHASE_STRIP = NO;
				DEBUG_INFORMATION_FORMAT = "dwarf-with-dsym";
				ENABLE_NS_ASSERTIONS = NO;
				ENABLE_STRICT_OBJC_MSGSEND = YES;
				GCC_C_LANGUAGE_STANDARD = gnu11;
				GCC_NO_COMMON_BLOCKS = YES;
				GCC_WARN_64_TO_32_BIT_CONVERSION = YES;
				GCC_WARN_ABOUT_RETURN_TYPE = YES_ERROR;
				GCC_WARN_UNDECLARED_SELECTOR = YES;
				GCC_WARN_UNINITIALIZED_AUTOS = YES_AGGRESSIVE;
				GCC_WARN_UNUSED_FUNCTION = YES;
				GCC_WARN_UNUSED_VARIABLE = YES;
				IPHONEOS_DEPLOYMENT_TARGET = 13.5;
				MTL_ENABLE_DEBUG_INFO = NO;
				MTL_FAST_MATH = YES;
				SDKROOT = iphoneos;
				SWIFT_COMPILATION_MODE = wholemodule;
				SWIFT_OPTIMIZATION_LEVEL = "-O";
				VALIDATE_PRODUCT = YES;
			};
			name = Release;
		};
		14C3B76324B346D5004B6959 /* Debug */ = {
			isa = XCBuildConfiguration;
			baseConfigurationReference = C83A337D511A162578EF9C7C /* Pods-TestTaskCurrencies.debug.xcconfig */;
			buildSettings = {
				ASSETCATALOG_COMPILER_APPICON_NAME = AppIcon;
				CODE_SIGN_STYLE = Automatic;
				DEVELOPMENT_TEAM = 37APR7NT5C;
				INFOPLIST_FILE = TestTaskCurrencies/Info.plist;
				LD_RUNPATH_SEARCH_PATHS = (
					"$(inherited)",
					"@executable_path/Frameworks",
				);
				PRODUCT_BUNDLE_IDENTIFIER = com.TestTaskCurrencies;
				PRODUCT_NAME = "$(TARGET_NAME)";
				SWIFT_VERSION = 5.0;
				TARGETED_DEVICE_FAMILY = "1,2";
			};
			name = Debug;
		};
		14C3B76424B346D5004B6959 /* Release */ = {
			isa = XCBuildConfiguration;
			baseConfigurationReference = 16FA72724878E5E0E6EAA2CF /* Pods-TestTaskCurrencies.release.xcconfig */;
			buildSettings = {
				ASSETCATALOG_COMPILER_APPICON_NAME = AppIcon;
				CODE_SIGN_STYLE = Automatic;
				DEVELOPMENT_TEAM = 37APR7NT5C;
				INFOPLIST_FILE = TestTaskCurrencies/Info.plist;
				LD_RUNPATH_SEARCH_PATHS = (
					"$(inherited)",
					"@executable_path/Frameworks",
				);
				PRODUCT_BUNDLE_IDENTIFIER = com.TestTaskCurrencies;
				PRODUCT_NAME = "$(TARGET_NAME)";
				SWIFT_VERSION = 5.0;
				TARGETED_DEVICE_FAMILY = "1,2";
			};
			name = Release;
		};
/* End XCBuildConfiguration section */

/* Begin XCConfigurationList section */
		14C3B74924B346CF004B6959 /* Build configuration list for PBXProject "TestTaskCurrencies" */ = {
			isa = XCConfigurationList;
			buildConfigurations = (
				14C3B76024B346D5004B6959 /* Debug */,
				14C3B76124B346D5004B6959 /* Release */,
			);
			defaultConfigurationIsVisible = 0;
			defaultConfigurationName = Release;
		};
		14C3B76224B346D5004B6959 /* Build configuration list for PBXNativeTarget "TestTaskCurrencies" */ = {
			isa = XCConfigurationList;
			buildConfigurations = (
				14C3B76324B346D5004B6959 /* Debug */,
				14C3B76424B346D5004B6959 /* Release */,
			);
			defaultConfigurationIsVisible = 0;
			defaultConfigurationName = Release;
		};
/* End XCConfigurationList section */
	};
	rootObject = 14C3B74624B346CF004B6959 /* Project object */;
}
